{
  "name": "@uppercod/components",
  "version": "0.0.8-beta",
  "lockfileVersion": 2,
  "requires": true,
  "packages": {
    "": {
      "name": "@uppercod/components",
      "version": "0.0.8-beta",
      "dependencies": {
        "@atomico/hooks": "^3.3.0",
        "atomico": "latest"
      },
      "devDependencies": {
        "@devserver/build": "latest",
        "@devserver/cli": "latest"
      }
    },
    "node_modules/@atomico/hooks": {
      "version": "3.3.0",
      "resolved": "https://registry.npmjs.org/@atomico/hooks/-/hooks-3.3.0.tgz",
      "integrity": "sha512-SM3vzWWKyOtLyjjYR7Rvnclr7O3YfU+7rcqmjdBHJaxRFN7QfwLSrWIkiIL8I6oudT358jZQK1YVFnB5AmLS1g==",
      "dependencies": {
        "@uppercod/css-to-object": "latest",
        "@uppercod/exp-route": "latest",
        "atomico": "latest"
      }
    },
    "node_modules/@devserver/build": {
      "version": "0.15.8",
      "resolved": "https://registry.npmjs.org/@devserver/build/-/build-0.15.8.tgz",
      "integrity": "sha512-l1RmouQ46dW9hCj16Pe8tYQit15NpokrNaNadKlKEri6d7HXMIzwEA0/xe9hDk+fY3G5B4qqlEAHQYYrf/Pz6g==",
      "dev": true,
      "dependencies": {
        "@devserver/build-core": "0.15.8"
      }
    },
    "node_modules/@devserver/build-core": {
      "version": "0.15.8",
      "resolved": "https://registry.npmjs.org/@devserver/build-core/-/build-core-0.15.8.tgz",
      "integrity": "sha512-bkkIsLMVt3VkNNLxIR0dnJ8COlhF4vrruhw1GKRPSbBlzeAGEL33bkAoN2SQyVGtRjdplfGFODcAYcFnWy+5iQ==",
      "dev": true
    },
    "node_modules/@devserver/cli": {
      "version": "0.15.8",
      "resolved": "https://registry.npmjs.org/@devserver/cli/-/cli-0.15.8.tgz",
      "integrity": "sha512-HjhHnQj+Tj3XnYvOwe59vyrczeURAZ3CIp0TFeqI4aKvNHDOBGf+uKzaVpEfpHTbGvT4k40mNpW93wWSzBhaHA==",
      "dev": true,
      "dependencies": {
        "@devserver/build-core": "0.15.8",
        "@devserver/replace-import": "0.15.8",
        "@devserver/resolve": "0.15.8",
        "@devserver/transform-js": "0.15.8"
      },
      "bin": {
        "devserver": "cli.cjs"
      }
    },
    "node_modules/@devserver/package-exports": {
      "version": "0.15.8",
      "resolved": "https://registry.npmjs.org/@devserver/package-exports/-/package-exports-0.15.8.tgz",
      "integrity": "sha512-Kpsw5r25EX6c/DvLvJlx4bobrtjdkPVxCuNByM5lQIdTcSoO69kMzQsE9zYnW4ioyzAZRrXoPK0e8zDrktvfrw==",
      "dev": true
    },
    "node_modules/@devserver/replace-import": {
      "version": "0.15.8",
      "resolved": "https://registry.npmjs.org/@devserver/replace-import/-/replace-import-0.15.8.tgz",
      "integrity": "sha512-k+pqAi2JKmuB595kuUJL1m47GxG9JddYDsSIw9e/hAje0pZZUuqr5Mh1QTO6KQZlsAoyxeh3GyWCcvPkRXtnrw==",
      "dev": true
    },
    "node_modules/@devserver/resolve": {
      "version": "0.15.8",
      "resolved": "https://registry.npmjs.org/@devserver/resolve/-/resolve-0.15.8.tgz",
      "integrity": "sha512-3FHH0ZgxcJ8ngzY9CA809ZMy6kbhzy1UGFq+tF0AmbztafZoJ1YFRk1MLNDxrbiG7dFHQuWXKqKLhA1QS8ePnQ==",
      "dev": true,
      "dependencies": {
        "@devserver/package-exports": "0.15.8"
      }
    },
    "node_modules/@devserver/transform-js": {
      "version": "0.15.8",
      "resolved": "https://registry.npmjs.org/@devserver/transform-js/-/transform-js-0.15.8.tgz",
      "integrity": "sha512-JsiU/XqUgDejKAd47cVCb5DcQ/YA5GE5BCWv8JWwem/My6uKt1q2WDtlR4ToHMMVtfNYMtXiOdjg57A/5zcSPw==",
      "dev": true,
      "dependencies": {
        "@devserver/replace-import": "0.15.8"
      }
    },
    "node_modules/@uppercod/css-to-object": {
      "version": "1.1.1",
      "resolved": "https://registry.npmjs.org/@uppercod/css-to-object/-/css-to-object-1.1.1.tgz",
      "integrity": "sha512-dCTxxolI6fu28lzNRVwd7CzJV8EbARITFyCbP/JqLHYLfWHY7GJqXHDdk0GbtfXvsZosPCvjOE4dOIMT4XDFZQ=="
    },
    "node_modules/@uppercod/exp-route": {
      "version": "1.2.6",
      "resolved": "https://registry.npmjs.org/@uppercod/exp-route/-/exp-route-1.2.6.tgz",
      "integrity": "sha512-nrLqTQPVXvIIrMAdJAjQhgpyInrBsgyBKxnvYpmLMc4ACuzsFsBSqUPH9LNbp4mFnoL9rHBchE/Cu8G9d675wA=="
    },
    "node_modules/atomico": {
      "version": "1.14.2",
      "resolved": "https://registry.npmjs.org/atomico/-/atomico-1.14.2.tgz",
      "integrity": "sha512-2Y7uXi9FFIBPfK/i48GraIF/hvPC5hVMsy88l1rnkGxMzSr8lEN+SoTzgtRiUJaOKcitkd7xm8D3doFMLXedYw=="
    }
  },
  "dependencies": {
    "@atomico/hooks": {
      "version": "3.3.0",
      "resolved": "https://registry.npmjs.org/@atomico/hooks/-/hooks-3.3.0.tgz",
      "integrity": "sha512-SM3vzWWKyOtLyjjYR7Rvnclr7O3YfU+7rcqmjdBHJaxRFN7QfwLSrWIkiIL8I6oudT358jZQK1YVFnB5AmLS1g==",
      "requires": {
        "@uppercod/css-to-object": "latest",
        "@uppercod/exp-route": "latest",
        "atomico": "latest"
      }
    },
    "@devserver/build": {
      "version": "0.15.8",
      "resolved": "https://registry.npmjs.org/@devserver/build/-/build-0.15.8.tgz",
      "integrity": "sha512-l1RmouQ46dW9hCj16Pe8tYQit15NpokrNaNadKlKEri6d7HXMIzwEA0/xe9hDk+fY3G5B4qqlEAHQYYrf/Pz6g==",
      "dev": true,
      "requires": {
        "@devserver/build-core": "0.15.8"
      }
    },
    "@devserver/build-core": {
      "version": "0.15.8",
      "resolved": "https://registry.npmjs.org/@devserver/build-core/-/build-core-0.15.8.tgz",
      "integrity": "sha512-bkkIsLMVt3VkNNLxIR0dnJ8COlhF4vrruhw1GKRPSbBlzeAGEL33bkAoN2SQyVGtRjdplfGFODcAYcFnWy+5iQ==",
      "dev": true
    },
    "@devserver/cli": {
      "version": "0.15.8",
      "resolved": "https://registry.npmjs.org/@devserver/cli/-/cli-0.15.8.tgz",
      "integrity": "sha512-HjhHnQj+Tj3XnYvOwe59vyrczeURAZ3CIp0TFeqI4aKvNHDOBGf+uKzaVpEfpHTbGvT4k40mNpW93wWSzBhaHA==",
      "dev": true,
      "requires": {
        "@devserver/build-core": "0.15.8",
        "@devserver/replace-import": "0.15.8",
        "@devserver/resolve": "0.15.8",
        "@devserver/transform-js": "0.15.8"
      }
    },
    "@devserver/package-exports": {
      "version": "0.15.8",
      "resolved": "https://registry.npmjs.org/@devserver/package-exports/-/package-exports-0.15.8.tgz",
      "integrity": "sha512-Kpsw5r25EX6c/DvLvJlx4bobrtjdkPVxCuNByM5lQIdTcSoO69kMzQsE9zYnW4ioyzAZRrXoPK0e8zDrktvfrw==",
      "dev": true
    },
    "@devserver/replace-import": {
      "version": "0.15.8",
      "resolved": "https://registry.npmjs.org/@devserver/replace-import/-/replace-import-0.15.8.tgz",
      "integrity": "sha512-k+pqAi2JKmuB595kuUJL1m47GxG9JddYDsSIw9e/hAje0pZZUuqr5Mh1QTO6KQZlsAoyxeh3GyWCcvPkRXtnrw==",
      "dev": true
    },
    "@devserver/resolve": {
      "version": "0.15.8",
      "resolved": "https://registry.npmjs.org/@devserver/resolve/-/resolve-0.15.8.tgz",
      "integrity": "sha512-3FHH0ZgxcJ8ngzY9CA809ZMy6kbhzy1UGFq+tF0AmbztafZoJ1YFRk1MLNDxrbiG7dFHQuWXKqKLhA1QS8ePnQ==",
      "dev": true,
      "requires": {
        "@devserver/package-exports": "0.15.8"
      }
    },
    "@devserver/transform-js": {
      "version": "0.15.8",
      "resolved": "https://registry.npmjs.org/@devserver/transform-js/-/transform-js-0.15.8.tgz",
      "integrity": "sha512-JsiU/XqUgDejKAd47cVCb5DcQ/YA5GE5BCWv8JWwem/My6uKt1q2WDtlR4ToHMMVtfNYMtXiOdjg57A/5zcSPw==",
      "dev": true,
      "requires": {
        "@devserver/replace-import": "0.15.8"
      }
    },
    "@uppercod/css-to-object": {
      "version": "1.1.1",
      "resolved": "https://registry.npmjs.org/@uppercod/css-to-object/-/css-to-object-1.1.1.tgz",
      "integrity": "sha512-dCTxxolI6fu28lzNRVwd7CzJV8EbARITFyCbP/JqLHYLfWHY7GJqXHDdk0GbtfXvsZosPCvjOE4dOIMT4XDFZQ=="
    },
    "@uppercod/exp-route": {
      "version": "1.2.6",
      "resolved": "https://registry.npmjs.org/@uppercod/exp-route/-/exp-route-1.2.6.tgz",
      "integrity": "sha512-nrLqTQPVXvIIrMAdJAjQhgpyInrBsgyBKxnvYpmLMc4ACuzsFsBSqUPH9LNbp4mFnoL9rHBchE/Cu8G9d675wA=="
    },
    "atomico": {
      "version": "1.14.2",
      "resolved": "https://registry.npmjs.org/atomico/-/atomico-1.14.2.tgz",
      "integrity": "sha512-2Y7uXi9FFIBPfK/i48GraIF/hvPC5hVMsy88l1rnkGxMzSr8lEN+SoTzgtRiUJaOKcitkd7xm8D3doFMLXedYw=="
    }
  }
}
