{
  "name": "@atomico/components",
  "version": "0.0.2-beta",
  "lockfileVersion": 2,
  "requires": true,
  "packages": {
    "": {
      "name": "@atomico/components",
      "version": "0.0.2-beta",
      "dependencies": {
        "@atomico/hooks": "latest",
        "atomico": "latest"
      },
      "devDependencies": {
        "@devserver/build": "^0.15.6",
        "@devserver/cli": "latest"
      }
    },
    "node_modules/@atomico/hooks": {
      "version": "3.0.0",
      "resolved": "https://registry.npmjs.org/@atomico/hooks/-/hooks-3.0.0.tgz",
      "integrity": "sha512-U7s53KRhKTNporXGQE4XT9QgEdSgDmEPnwQt9amVMRo+lxo+wM2hjvNLojHSoHeqrcfekZ/NfAi+gASHPus/kw==",
      "dependencies": {
        "@uppercod/css-to-object": "latest",
        "@uppercod/exp-route": "latest",
        "atomico": "latest"
      }
    },
    "node_modules/@devserver/build": {
      "version": "0.15.6",
      "resolved": "https://registry.npmjs.org/@devserver/build/-/build-0.15.6.tgz",
      "integrity": "sha512-Ae5ZTLqYEecc23F4psG23sMLWYrBZ0mQuAyJ4MkQtMBgzQTkLQ+jQovvDn2tezk7T0Z+sHxFi2Z5ub8bpyVLYQ==",
      "dev": true,
      "dependencies": {
        "@devserver/build-core": "0.15.6"
      }
    },
    "node_modules/@devserver/build-core": {
      "version": "0.15.6",
      "resolved": "https://registry.npmjs.org/@devserver/build-core/-/build-core-0.15.6.tgz",
      "integrity": "sha512-BRd6uhqRA4xTDcGPpF0V8C8G5zLUuwT8Q3zUIkaWaRNuyOtJC9N5XsBwdCvrm/HeuAlk1Vs3kQKMdHkM0B9SkA==",
      "dev": true
    },
    "node_modules/@devserver/cli": {
      "version": "0.15.6",
      "resolved": "https://registry.npmjs.org/@devserver/cli/-/cli-0.15.6.tgz",
      "integrity": "sha512-OSnKpx9QfkmhcmFqGB4BHhOZoYjjsriwObf0V4qh7zBCt3tgy6YUfEwintfEjCjelbwGJO3fR61EyBrnTKduqw==",
      "dev": true,
      "dependencies": {
        "@devserver/build-core": "0.15.6",
        "@devserver/replace-import": "0.15.6",
        "@devserver/resolve": "0.15.6",
        "@devserver/transform-js": "0.15.6"
      },
      "bin": {
        "devserver": "cli.cjs"
      }
    },
    "node_modules/@devserver/package-exports": {
      "version": "0.15.6",
      "resolved": "https://registry.npmjs.org/@devserver/package-exports/-/package-exports-0.15.6.tgz",
      "integrity": "sha512-80d8VrY+oo/+4wRousqR7/eX8EWSsYMY4NETXBVfe8vPif5Fg9IEvDfQ0DtKVUS4j1EYkqE00LC3FxORhhZIdw==",
      "dev": true
    },
    "node_modules/@devserver/replace-import": {
      "version": "0.15.6",
      "resolved": "https://registry.npmjs.org/@devserver/replace-import/-/replace-import-0.15.6.tgz",
      "integrity": "sha512-rMe4Zss7Xfs1OqZfPfKX8QW0a3dgInv1lB9GmokJLk5N4H/eFWvIUZbCVCsx+2s7LYHHsoBDo1uHxQMkOHEsRA==",
      "dev": true
    },
    "node_modules/@devserver/resolve": {
      "version": "0.15.6",
      "resolved": "https://registry.npmjs.org/@devserver/resolve/-/resolve-0.15.6.tgz",
      "integrity": "sha512-3rz1rc4WjbPTa7laaKuNHPa9Ip4dKGNXOSDyTU1jTYlH9HkRhg8iLFafwAdhqucmgZENXIKzhS/IAyiw8P4r2A==",
      "dev": true,
      "dependencies": {
        "@devserver/package-exports": "0.15.6"
      }
    },
    "node_modules/@devserver/transform-js": {
      "version": "0.15.6",
      "resolved": "https://registry.npmjs.org/@devserver/transform-js/-/transform-js-0.15.6.tgz",
      "integrity": "sha512-4mnUngPHzArR8HrhtjMuu4iTTFuU3qnIoQR6hUGVA+zMYu0f0ENVIc1nuZ0xJYZXh+8FVb5Bvku84d7rVV2cZw==",
      "dev": true,
      "dependencies": {
        "@devserver/replace-import": "0.15.6"
      }
    },
    "node_modules/@uppercod/css-to-object": {
      "version": "1.1.1",
      "resolved": "https://registry.npmjs.org/@uppercod/css-to-object/-/css-to-object-1.1.1.tgz",
      "integrity": "sha512-dCTxxolI6fu28lzNRVwd7CzJV8EbARITFyCbP/JqLHYLfWHY7GJqXHDdk0GbtfXvsZosPCvjOE4dOIMT4XDFZQ=="
    },
    "node_modules/@uppercod/exp-route": {
      "version": "1.2.6",
      "resolved": "https://registry.npmjs.org/@uppercod/exp-route/-/exp-route-1.2.6.tgz",
      "integrity": "sha512-nrLqTQPVXvIIrMAdJAjQhgpyInrBsgyBKxnvYpmLMc4ACuzsFsBSqUPH9LNbp4mFnoL9rHBchE/Cu8G9d675wA=="
    },
    "node_modules/atomico": {
      "version": "1.13.3",
      "resolved": "https://registry.npmjs.org/atomico/-/atomico-1.13.3.tgz",
      "integrity": "sha512-YvFC0js992uR/nRC+yxQhEPEp2PkBt47/wfXKMfdFEHlpQU2N3zroHW6QkLiM8chXZu3AO3EKR+0t54BauttBQ=="
    }
  },
  "dependencies": {
    "@atomico/hooks": {
      "version": "3.0.0",
      "resolved": "https://registry.npmjs.org/@atomico/hooks/-/hooks-3.0.0.tgz",
      "integrity": "sha512-U7s53KRhKTNporXGQE4XT9QgEdSgDmEPnwQt9amVMRo+lxo+wM2hjvNLojHSoHeqrcfekZ/NfAi+gASHPus/kw==",
      "requires": {
        "@uppercod/css-to-object": "latest",
        "@uppercod/exp-route": "latest",
        "atomico": "latest"
      }
    },
    "@devserver/build": {
      "version": "0.15.6",
      "resolved": "https://registry.npmjs.org/@devserver/build/-/build-0.15.6.tgz",
      "integrity": "sha512-Ae5ZTLqYEecc23F4psG23sMLWYrBZ0mQuAyJ4MkQtMBgzQTkLQ+jQovvDn2tezk7T0Z+sHxFi2Z5ub8bpyVLYQ==",
      "dev": true,
      "requires": {
        "@devserver/build-core": "0.15.6"
      }
    },
    "@devserver/build-core": {
      "version": "0.15.6",
      "resolved": "https://registry.npmjs.org/@devserver/build-core/-/build-core-0.15.6.tgz",
      "integrity": "sha512-BRd6uhqRA4xTDcGPpF0V8C8G5zLUuwT8Q3zUIkaWaRNuyOtJC9N5XsBwdCvrm/HeuAlk1Vs3kQKMdHkM0B9SkA==",
      "dev": true
    },
    "@devserver/cli": {
      "version": "0.15.6",
      "resolved": "https://registry.npmjs.org/@devserver/cli/-/cli-0.15.6.tgz",
      "integrity": "sha512-OSnKpx9QfkmhcmFqGB4BHhOZoYjjsriwObf0V4qh7zBCt3tgy6YUfEwintfEjCjelbwGJO3fR61EyBrnTKduqw==",
      "dev": true,
      "requires": {
        "@devserver/build-core": "0.15.6",
        "@devserver/replace-import": "0.15.6",
        "@devserver/resolve": "0.15.6",
        "@devserver/transform-js": "0.15.6"
      }
    },
    "@devserver/package-exports": {
      "version": "0.15.6",
      "resolved": "https://registry.npmjs.org/@devserver/package-exports/-/package-exports-0.15.6.tgz",
      "integrity": "sha512-80d8VrY+oo/+4wRousqR7/eX8EWSsYMY4NETXBVfe8vPif5Fg9IEvDfQ0DtKVUS4j1EYkqE00LC3FxORhhZIdw==",
      "dev": true
    },
    "@devserver/replace-import": {
      "version": "0.15.6",
      "resolved": "https://registry.npmjs.org/@devserver/replace-import/-/replace-import-0.15.6.tgz",
      "integrity": "sha512-rMe4Zss7Xfs1OqZfPfKX8QW0a3dgInv1lB9GmokJLk5N4H/eFWvIUZbCVCsx+2s7LYHHsoBDo1uHxQMkOHEsRA==",
      "dev": true
    },
    "@devserver/resolve": {
      "version": "0.15.6",
      "resolved": "https://registry.npmjs.org/@devserver/resolve/-/resolve-0.15.6.tgz",
      "integrity": "sha512-3rz1rc4WjbPTa7laaKuNHPa9Ip4dKGNXOSDyTU1jTYlH9HkRhg8iLFafwAdhqucmgZENXIKzhS/IAyiw8P4r2A==",
      "dev": true,
      "requires": {
        "@devserver/package-exports": "0.15.6"
      }
    },
    "@devserver/transform-js": {
      "version": "0.15.6",
      "resolved": "https://registry.npmjs.org/@devserver/transform-js/-/transform-js-0.15.6.tgz",
      "integrity": "sha512-4mnUngPHzArR8HrhtjMuu4iTTFuU3qnIoQR6hUGVA+zMYu0f0ENVIc1nuZ0xJYZXh+8FVb5Bvku84d7rVV2cZw==",
      "dev": true,
      "requires": {
        "@devserver/replace-import": "0.15.6"
      }
    },
    "@uppercod/css-to-object": {
      "version": "1.1.1",
      "resolved": "https://registry.npmjs.org/@uppercod/css-to-object/-/css-to-object-1.1.1.tgz",
      "integrity": "sha512-dCTxxolI6fu28lzNRVwd7CzJV8EbARITFyCbP/JqLHYLfWHY7GJqXHDdk0GbtfXvsZosPCvjOE4dOIMT4XDFZQ=="
    },
    "@uppercod/exp-route": {
      "version": "1.2.6",
      "resolved": "https://registry.npmjs.org/@uppercod/exp-route/-/exp-route-1.2.6.tgz",
      "integrity": "sha512-nrLqTQPVXvIIrMAdJAjQhgpyInrBsgyBKxnvYpmLMc4ACuzsFsBSqUPH9LNbp4mFnoL9rHBchE/Cu8G9d675wA=="
    },
    "atomico": {
      "version": "1.13.3",
      "resolved": "https://registry.npmjs.org/atomico/-/atomico-1.13.3.tgz",
      "integrity": "sha512-YvFC0js992uR/nRC+yxQhEPEp2PkBt47/wfXKMfdFEHlpQU2N3zroHW6QkLiM8chXZu3AO3EKR+0t54BauttBQ=="
    }
  }
}
